
Microsoft Visual Studio Solution File, Format Version 12.00
# Visual Studio Version 17
VisualStudioVersion = 17.6.33723.286
MinimumVisualStudioVersion = 10.0.40219.1
Project("{FAE04EC0-301F-11D3-BF4B-00C04F79EFBC}") = "EmployeeClass", "EmployeeClass\EmployeeClass.csproj", "{2E40AF44-FF32-4BC0-8F57-CDBD18BCFB7B}"
EndProject
Global
	GlobalSection(SolutionConfigurationPlatforms) = preSolution
		Debug|Any CPU = Debug|Any CPU
		Release|Any CPU = Release|Any CPU
	EndGlobalSection
	GlobalSection(ProjectConfigurationPlatforms) = postSolution
		{2E40AF44-FF32-4BC0-8F57-CDBD18BCFB7B}.Debug|Any CPU.ActiveCfg = Debug|Any CPU
		{2E40AF44-FF32-4BC0-8F57-CDBD18BCFB7B}.Debug|Any CPU.Build.0 = Debug|Any CPU
		{2E40AF44-FF32-4BC0-8F57-CDBD18BCFB7B}.Release|Any CPU.ActiveCfg = Release|Any CPU
		{2E40AF44-FF32-4BC0-8F57-CDBD18BCFB7B}.Release|Any CPU.Build.0 = Release|Any CPU
	EndGlobalSection
	GlobalSection(SolutionProperties) = preSolution
		HideSolutionNode = FALSE
	EndGlobalSection
	GlobalSection(ExtensibilityGlobals) = postSolution
		SolutionGuid = {8A0B9460-E940-464D-B104-E7E3EE348AB8}
	EndGlobalSection
EndGlobal
